// !$*UTF8*$!
{
	archiveVersion = 1;
	classes = {
	};
	objectVersion = 56;
	objects = {

/* Begin PBXBuildFile section */
		EA04EEB929B933FD00C93D48 /* ExpenseDayView.swift in Sources */ = {isa = PBXBuildFile; fileRef = EA04EEB829B933FD00C93D48 /* ExpenseDayView.swift */; };
		EA0C281E29B5D8B300D004F7 /* AccountListCellView.swift in Sources */ = {isa = PBXBuildFile; fileRef = EA0C281D29B5D8B300D004F7 /* AccountListCellView.swift */; };
		EA0C282029B5DA0800D004F7 /* AccountListView.swift in Sources */ = {isa = PBXBuildFile; fileRef = EA0C281F29B5DA0800D004F7 /* AccountListView.swift */; };
		EA0C282229B5DC4100D004F7 /* AccountDetailView.swift in Sources */ = {isa = PBXBuildFile; fileRef = EA0C282129B5DC4100D004F7 /* AccountDetailView.swift */; };
		EA0C282429B6983900D004F7 /* ChartView.swift in Sources */ = {isa = PBXBuildFile; fileRef = EA0C282329B6983900D004F7 /* ChartView.swift */; };
		EAFA9FA529B5573F00F1D35F /* BookkeepingApp.swift in Sources */ = {isa = PBXBuildFile; fileRef = EAFA9FA429B5573F00F1D35F /* BookkeepingApp.swift */; };
		EAFA9FA729B5573F00F1D35F /* ContentView.swift in Sources */ = {isa = PBXBuildFile; fileRef = EAFA9FA629B5573F00F1D35F /* ContentView.swift */; };
		EAFA9FA929B5574000F1D35F /* Assets.xcassets in Resources */ = {isa = PBXBuildFile; fileRef = EAFA9FA829B5574000F1D35F /* Assets.xcassets */; };
		EAFA9FAD29B5574000F1D35F /* Preview Assets.xcassets in Resources */ = {isa = PBXBuildFile; fileRef = EAFA9FAC29B5574000F1D35F /* Preview Assets.xcassets */; };
		EAFA9FB729B5574000F1D35F /* BookkeepingTests.swift in Sources */ = {isa = PBXBuildFile; fileRef = EAFA9FB629B5574000F1D35F /* BookkeepingTests.swift */; };
		EAFA9FC129B5574000F1D35F /* BookkeepingUITests.swift in Sources */ = {isa = PBXBuildFile; fileRef = EAFA9FC029B5574000F1D35F /* BookkeepingUITests.swift */; };
		EAFA9FC329B5574000F1D35F /* BookkeepingUITestsLaunchTests.swift in Sources */ = {isa = PBXBuildFile; fileRef = EAFA9FC229B5574000F1D35F /* BookkeepingUITestsLaunchTests.swift */; };
/* End PBXBuildFile section */

/* Begin PBXContainerItemProxy section */
		EAFA9FB329B5574000F1D35F /* PBXContainerItemProxy */ = {
			isa = PBXContainerItemProxy;
			containerPortal = EAFA9F9929B5573F00F1D35F /* Project object */;
			proxyType = 1;
			remoteGlobalIDString = EAFA9FA029B5573F00F1D35F;
			remoteInfo = Bookkeeping;
		};
		EAFA9FBD29B5574000F1D35F /* PBXContainerItemProxy */ = {
			isa = PBXContainerItemProxy;
			containerPortal = EAFA9F9929B5573F00F1D35F /* Project object */;
			proxyType = 1;
			remoteGlobalIDString = EAFA9FA029B5573F00F1D35F;
			remoteInfo = Bookkeeping;
		};
/* End PBXContainerItemProxy section */

/* Begin PBXFileReference section */
		EA04EEB829B933FD00C93D48 /* ExpenseDayView.swift */ = {isa = PBXFileReference; lastKnownFileType = sourcecode.swift; path = ExpenseDayView.swift; sourceTree = "<group>"; };
		EA0C281D29B5D8B300D004F7 /* AccountListCellView.swift */ = {isa = PBXFileReference; lastKnownFileType = sourcecode.swift; path = AccountListCellView.swift; sourceTree = "<group>"; };
		EA0C281F29B5DA0800D004F7 /* AccountListView.swift */ = {isa = PBXFileReference; lastKnownFileType = sourcecode.swift; path = AccountListView.swift; sourceTree = "<group>"; };
		EA0C282129B5DC4100D004F7 /* AccountDetailView.swift */ = {isa = PBXFileReference; lastKnownFileType = sourcecode.swift; path = AccountDetailView.swift; sourceTree = "<group>"; };
		EA0C282329B6983900D004F7 /* ChartView.swift */ = {isa = PBXFileReference; lastKnownFileType = sourcecode.swift; path = ChartView.swift; sourceTree = "<group>"; };
		EAFA9FA129B5573F00F1D35F /* Bookkeeping.app */ = {isa = PBXFileReference; explicitFileType = wrapper.application; includeInIndex = 0; path = Bookkeeping.app; sourceTree = BUILT_PRODUCTS_DIR; };
		EAFA9FA429B5573F00F1D35F /* BookkeepingApp.swift */ = {isa = PBXFileReference; lastKnownFileType = sourcecode.swift; path = BookkeepingApp.swift; sourceTree = "<group>"; };
		EAFA9FA629B5573F00F1D35F /* ContentView.swift */ = {isa = PBXFileReference; lastKnownFileType = sourcecode.swift; path = ContentView.swift; sourceTree = "<group>"; };
		EAFA9FA829B5574000F1D35F /* Assets.xcassets */ = {isa = PBXFileReference; lastKnownFileType = folder.assetcatalog; path = Assets.xcassets; sourceTree = "<group>"; };
		EAFA9FAA29B5574000F1D35F /* Bookkeeping.entitlements */ = {isa = PBXFileReference; lastKnownFileType = text.plist.entitlements; path = Bookkeeping.entitlements; sourceTree = "<group>"; };
		EAFA9FAC29B5574000F1D35F /* Preview Assets.xcassets */ = {isa = PBXFileReference; lastKnownFileType = folder.assetcatalog; path = "Preview Assets.xcassets"; sourceTree = "<group>"; };
		EAFA9FB229B5574000F1D35F /* BookkeepingTests.xctest */ = {isa = PBXFileReference; explicitFileType = wrapper.cfbundle; includeInIndex = 0; path = BookkeepingTests.xctest; sourceTree = BUILT_PRODUCTS_DIR; };
		EAFA9FB629B5574000F1D35F /* BookkeepingTests.swift */ = {isa = PBXFileReference; lastKnownFileType = sourcecode.swift; path = BookkeepingTests.swift; sourceTree = "<group>"; };
		EAFA9FBC29B5574000F1D35F /* BookkeepingUITests.xctest */ = {isa = PBXFileReference; explicitFileType = wrapper.cfbundle; includeInIndex = 0; path = BookkeepingUITests.xctest; sourceTree = BUILT_PRODUCTS_DIR; };
		EAFA9FC029B5574000F1D35F /* BookkeepingUITests.swift */ = {isa = PBXFileReference; lastKnownFileType = sourcecode.swift; path = BookkeepingUITests.swift; sourceTree = "<group>"; };
		EAFA9FC229B5574000F1D35F /* BookkeepingUITestsLaunchTests.swift */ = {isa = PBXFileReference; lastKnownFileType = sourcecode.swift; path = BookkeepingUITestsLaunchTests.swift; sourceTree = "<group>"; };
/* End PBXFileReference section */

/* Begin PBXFrameworksBuildPhase section */
		EAFA9F9E29B5573F00F1D35F /* Frameworks */ = {
			isa = PBXFrameworksBuildPhase;
			buildActionMask = 2147483647;
			files = (
			);
			runOnlyForDeploymentPostprocessing = 0;
		};
		EAFA9FAF29B5574000F1D35F /* Frameworks */ = {
			isa = PBXFrameworksBuildPhase;
			buildActionMask = 2147483647;
			files = (
			);
			runOnlyForDeploymentPostprocessing = 0;
		};
		EAFA9FB929B5574000F1D35F /* Frameworks */ = {
			isa = PBXFrameworksBuildPhase;
			buildActionMask = 2147483647;
			files = (
			);
			runOnlyForDeploymentPostprocessing = 0;
		};
/* End PBXFrameworksBuildPhase section */

/* Begin PBXGroup section */
		EA04EEB629B9338B00C93D48 /* Accounts */ = {
			isa = PBXGroup;
			children = (
				EA0C281F29B5DA0800D004F7 /* AccountListView.swift */,
				EA0C282129B5DC4100D004F7 /* AccountDetailView.swift */,
				EA0C281D29B5D8B300D004F7 /* AccountListCellView.swift */,
			);
			path = Accounts;
			sourceTree = "<group>";
		};
		EA04EEB729B933BE00C93D48 /* Books */ = {
			isa = PBXGroup;
			children = (
				EA04EEBB29B93A3D00C93D48 /* Model */,
				EA04EEBA29B93A3000C93D48 /* View */,
			);
			path = Books;
			sourceTree = "<group>";
		};
		EA04EEBA29B93A3000C93D48 /* View */ = {
			isa = PBXGroup;
			children = (
				EA04EEB829B933FD00C93D48 /* ExpenseDayView.swift */,
			);
			path = View;
			sourceTree = "<group>";
		};
		EA04EEBB29B93A3D00C93D48 /* Model */ = {
			isa = PBXGroup;
			children = (
			);
			path = Model;
			sourceTree = "<group>";
		};
		EAFA9F9829B5573F00F1D35F = {
			isa = PBXGroup;
			children = (
				EAFA9FA329B5573F00F1D35F /* Bookkeeping */,
				EAFA9FB529B5574000F1D35F /* BookkeepingTests */,
				EAFA9FBF29B5574000F1D35F /* BookkeepingUITests */,
				EAFA9FA229B5573F00F1D35F /* Products */,
			);
			sourceTree = "<group>";
		};
		EAFA9FA229B5573F00F1D35F /* Products */ = {
			isa = PBXGroup;
			children = (
				EAFA9FA129B5573F00F1D35F /* Bookkeeping.app */,
				EAFA9FB229B5574000F1D35F /* BookkeepingTests.xctest */,
				EAFA9FBC29B5574000F1D35F /* BookkeepingUITests.xctest */,
			);
			name = Products;
			sourceTree = "<group>";
		};
		EAFA9FA329B5573F00F1D35F /* Bookkeeping */ = {
			isa = PBXGroup;
			children = (
				EAFA9FA429B5573F00F1D35F /* BookkeepingApp.swift */,
				EAFA9FA629B5573F00F1D35F /* ContentView.swift */,
				EA04EEB729B933BE00C93D48 /* Books */,
				EA04EEB629B9338B00C93D48 /* Accounts */,
				EA0C282329B6983900D004F7 /* ChartView.swift */,
				EAFA9FA829B5574000F1D35F /* Assets.xcassets */,
				EAFA9FAA29B5574000F1D35F /* Bookkeeping.entitlements */,
				EAFA9FAB29B5574000F1D35F /* Preview Content */,
			);
			path = Bookkeeping;
			sourceTree = "<group>";
		};
		EAFA9FAB29B5574000F1D35F /* Preview Content */ = {
			isa = PBXGroup;
			children = (
				EAFA9FAC29B5574000F1D35F /* Preview Assets.xcassets */,
			);
			path = "Preview Content";
			sourceTree = "<group>";
		};
		EAFA9FB529B5574000F1D35F /* BookkeepingTests */ = {
			isa = PBXGroup;
			children = (
				EAFA9FB629B5574000F1D35F /* BookkeepingTests.swift */,
			);
			path = BookkeepingTests;
			sourceTree = "<group>";
		};
		EAFA9FBF29B5574000F1D35F /* BookkeepingUITests */ = {
			isa = PBXGroup;
			children = (
				EAFA9FC029B5574000F1D35F /* BookkeepingUITests.swift */,
				EAFA9FC229B5574000F1D35F /* BookkeepingUITestsLaunchTests.swift */,
			);
			path = BookkeepingUITests;
			sourceTree = "<group>";
		};
/* End PBXGroup section */

/* Begin PBXNativeTarget section */
		EAFA9FA029B5573F00F1D35F /* Bookkeeping */ = {
			isa = PBXNativeTarget;
			buildConfigurationList = EAFA9FC629B5574000F1D35F /* Build configuration list for PBXNativeTarget "Bookkeeping" */;
			buildPhases = (
				EAFA9F9D29B5573F00F1D35F /* Sources */,
				EAFA9F9E29B5573F00F1D35F /* Frameworks */,
				EAFA9F9F29B5573F00F1D35F /* Resources */,
			);
			buildRules = (
			);
			dependencies = (
			);
			name = Bookkeeping;
			productName = Bookkeeping;
			productReference = EAFA9FA129B5573F00F1D35F /* Bookkeeping.app */;
			productType = "com.apple.product-type.application";
		};
		EAFA9FB129B5574000F1D35F /* BookkeepingTests */ = {
			isa = PBXNativeTarget;
			buildConfigurationList = EAFA9FC929B5574000F1D35F /* Build configuration list for PBXNativeTarget "BookkeepingTests" */;
			buildPhases = (
				EAFA9FAE29B5574000F1D35F /* Sources */,
				EAFA9FAF29B5574000F1D35F /* Frameworks */,
				EAFA9FB029B5574000F1D35F /* Resources */,
			);
			buildRules = (
			);
			dependencies = (
				EAFA9FB429B5574000F1D35F /* PBXTargetDependency */,
			);
			name = BookkeepingTests;
			productName = BookkeepingTests;
			productReference = EAFA9FB229B5574000F1D35F /* BookkeepingTests.xctest */;
			productType = "com.apple.product-type.bundle.unit-test";
		};
		EAFA9FBB29B5574000F1D35F /* BookkeepingUITests */ = {
			isa = PBXNativeTarget;
			buildConfigurationList = EAFA9FCC29B5574000F1D35F /* Build configuration list for PBXNativeTarget "BookkeepingUITests" */;
			buildPhases = (
				EAFA9FB829B5574000F1D35F /* Sources */,
				EAFA9FB929B5574000F1D35F /* Frameworks */,
				EAFA9FBA29B5574000F1D35F /* Resources */,
			);
			buildRules = (
			);
			dependencies = (
				EAFA9FBE29B5574000F1D35F /* PBXTargetDependency */,
			);
			name = BookkeepingUITests;
			productName = BookkeepingUITests;
			productReference = EAFA9FBC29B5574000F1D35F /* BookkeepingUITests.xctest */;
			productType = "com.apple.product-type.bundle.ui-testing";
		};
/* End PBXNativeTarget section */

/* Begin PBXProject section */
		EAFA9F9929B5573F00F1D35F /* Project object */ = {
			isa = PBXProject;
			attributes = {
				BuildIndependentTargetsInParallel = 1;
				LastSwiftUpdateCheck = 1420;
				LastUpgradeCheck = 1420;
				TargetAttributes = {
					EAFA9FA029B5573F00F1D35F = {
						CreatedOnToolsVersion = 14.2;
					};
					EAFA9FB129B5574000F1D35F = {
						CreatedOnToolsVersion = 14.2;
						TestTargetID = EAFA9FA029B5573F00F1D35F;
					};
					EAFA9FBB29B5574000F1D35F = {
						CreatedOnToolsVersion = 14.2;
						TestTargetID = EAFA9FA029B5573F00F1D35F;
					};
				};
			};
			buildConfigurationList = EAFA9F9C29B5573F00F1D35F /* Build configuration list for PBXProject "Bookkeeping" */;
			compatibilityVersion = "Xcode 14.0";
			developmentRegion = en;
			hasScannedForEncodings = 0;
			knownRegions = (
				en,
				Base,
			);
			mainGroup = EAFA9F9829B5573F00F1D35F;
			productRefGroup = EAFA9FA229B5573F00F1D35F /* Products */;
			projectDirPath = "";
			projectRoot = "";
			targets = (
				EAFA9FA029B5573F00F1D35F /* Bookkeeping */,
				EAFA9FB129B5574000F1D35F /* BookkeepingTests */,
				EAFA9FBB29B5574000F1D35F /* BookkeepingUITests */,
			);
		};
/* End PBXProject section */

/* Begin PBXResourcesBuildPhase section */
		EAFA9F9F29B5573F00F1D35F /* Resources */ = {
			isa = PBXResourcesBuildPhase;
			buildActionMask = 2147483647;
			files = (
				EAFA9FAD29B5574000F1D35F /* Preview Assets.xcassets in Resources */,
				EAFA9FA929B5574000F1D35F /* Assets.xcassets in Resources */,
			);
			runOnlyForDeploymentPostprocessing = 0;
		};
		EAFA9FB029B5574000F1D35F /* Resources */ = {
			isa = PBXResourcesBuildPhase;
			buildActionMask = 2147483647;
			files = (
			);
			runOnlyForDeploymentPostprocessing = 0;
		};
		EAFA9FBA29B5574000F1D35F /* Resources */ = {
			isa = PBXResourcesBuildPhase;
			buildActionMask = 2147483647;
			files = (
			);
			runOnlyForDeploymentPostprocessing = 0;
		};
/* End PBXResourcesBuildPhase section */

/* Begin PBXSourcesBuildPhase section */
		EAFA9F9D29B5573F00F1D35F /* Sources */ = {
			isa = PBXSourcesBuildPhase;
			buildActionMask = 2147483647;
			files = (
				EA04EEB929B933FD00C93D48 /* ExpenseDayView.swift in Sources */,
				EA0C282029B5DA0800D004F7 /* AccountListView.swift in Sources */,
				EAFA9FA729B5573F00F1D35F /* ContentView.swift in Sources */,
				EA0C281E29B5D8B300D004F7 /* AccountListCellView.swift in Sources */,
				EA0C282229B5DC4100D004F7 /* AccountDetailView.swift in Sources */,
				EAFA9FA529B5573F00F1D35F /* BookkeepingApp.swift in Sources */,
				EA0C282429B6983900D004F7 /* ChartView.swift in Sources */,
			);
			runOnlyForDeploymentPostprocessing = 0;
		};
		EAFA9FAE29B5574000F1D35F /* Sources */ = {
			isa = PBXSourcesBuildPhase;
			buildActionMask = 2147483647;
			files = (
				EAFA9FB729B5574000F1D35F /* BookkeepingTests.swift in Sources */,
			);
			runOnlyForDeploymentPostprocessing = 0;
		};
		EAFA9FB829B5574000F1D35F /* Sources */ = {
			isa = PBXSourcesBuildPhase;
			buildActionMask = 2147483647;
			files = (
				EAFA9FC129B5574000F1D35F /* BookkeepingUITests.swift in Sources */,
				EAFA9FC329B5574000F1D35F /* BookkeepingUITestsLaunchTests.swift in Sources */,
			);
			runOnlyForDeploymentPostprocessing = 0;
		};
/* End PBXSourcesBuildPhase section */

/* Begin PBXTargetDependency section */
		EAFA9FB429B5574000F1D35F /* PBXTargetDependency */ = {
			isa = PBXTargetDependency;
			target = EAFA9FA029B5573F00F1D35F /* Bookkeeping */;
			targetProxy = EAFA9FB329B5574000F1D35F /* PBXContainerItemProxy */;
		};
		EAFA9FBE29B5574000F1D35F /* PBXTargetDependency */ = {
			isa = PBXTargetDependency;
			target = EAFA9FA029B5573F00F1D35F /* Bookkeeping */;
			targetProxy = EAFA9FBD29B5574000F1D35F /* PBXContainerItemProxy */;
		};
/* End PBXTargetDependency section */

/* Begin XCBuildConfiguration section */
		EAFA9FC429B5574000F1D35F /* Debug */ = {
			isa = XCBuildConfiguration;
			buildSettings = {
				ALWAYS_SEARCH_USER_PATHS = NO;
				CLANG_ANALYZER_NONNULL = YES;
				CLANG_ANALYZER_NUMBER_OBJECT_CONVERSION = YES_AGGRESSIVE;
				CLANG_CXX_LANGUAGE_STANDARD = "gnu++20";
				CLANG_ENABLE_MODULES = YES;
				CLANG_ENABLE_OBJC_ARC = YES;
				CLANG_ENABLE_OBJC_WEAK = YES;
				CLANG_WARN_BLOCK_CAPTURE_AUTORELEASING = YES;
				CLANG_WARN_BOOL_CONVERSION = YES;
				CLANG_WARN_COMMA = YES;
				CLANG_WARN_CONSTANT_CONVERSION = YES;
				CLANG_WARN_DEPRECATED_OBJC_IMPLEMENTATIONS = YES;
				CLANG_WARN_DIRECT_OBJC_ISA_USAGE = YES_ERROR;
				CLANG_WARN_DOCUMENTATION_COMMENTS = YES;
				CLANG_WARN_EMPTY_BODY = YES;
				CLANG_WARN_ENUM_CONVERSION = YES;
				CLANG_WARN_INFINITE_RECURSION = YES;
				CLANG_WARN_INT_CONVERSION = YES;
				CLANG_WARN_NON_LITERAL_NULL_CONVERSION = YES;
				CLANG_WARN_OBJC_IMPLICIT_RETAIN_SELF = YES;
				CLANG_WARN_OBJC_LITERAL_CONVERSION = YES;
				CLANG_WARN_OBJC_ROOT_CLASS = YES_ERROR;
				CLANG_WARN_QUOTED_INCLUDE_IN_FRAMEWORK_HEADER = YES;
				CLANG_WARN_RANGE_LOOP_ANALYSIS = YES;
				CLANG_WARN_STRICT_PROTOTYPES = YES;
				CLANG_WARN_SUSPICIOUS_MOVE = YES;
				CLANG_WARN_UNGUARDED_AVAILABILITY = YES_AGGRESSIVE;
				CLANG_WARN_UNREACHABLE_CODE = YES;
				CLANG_WARN__DUPLICATE_METHOD_MATCH = YES;
				COPY_PHASE_STRIP = NO;
				DEBUG_INFORMATION_FORMAT = dwarf;
				ENABLE_STRICT_OBJC_MSGSEND = YES;
				ENABLE_TESTABILITY = YES;
				GCC_C_LANGUAGE_STANDARD = gnu11;
				GCC_DYNAMIC_NO_PIC = NO;
				GCC_NO_COMMON_BLOCKS = YES;
				GCC_OPTIMIZATION_LEVEL = 0;
				GCC_PREPROCESSOR_DEFINITIONS = (
					"DEBUG=1",
					"$(inherited)",
				);
				GCC_WARN_64_TO_32_BIT_CONVERSION = YES;
				GCC_WARN_ABOUT_RETURN_TYPE = YES_ERROR;
				GCC_WARN_UNDECLARED_SELECTOR = YES;
				GCC_WARN_UNINITIALIZED_AUTOS = YES_AGGRESSIVE;
				GCC_WARN_UNUSED_FUNCTION = YES;
				GCC_WARN_UNUSED_VARIABLE = YES;
				MTL_ENABLE_DEBUG_INFO = INCLUDE_SOURCE;
				MTL_FAST_MATH = YES;
				ONLY_ACTIVE_ARCH = YES;
				SWIFT_ACTIVE_COMPILATION_CONDITIONS = DEBUG;
				SWIFT_OPTIMIZATION_LEVEL = "-Onone";
			};
			name = Debug;
		};
		EAFA9FC529B5574000F1D35F /* Release */ = {
			isa = XCBuildConfiguration;
			buildSettings = {
				ALWAYS_SEARCH_USER_PATHS = NO;
				CLANG_ANALYZER_NONNULL = YES;
				CLANG_ANALYZER_NUMBER_OBJECT_CONVERSION = YES_AGGRESSIVE;
				CLANG_CXX_LANGUAGE_STANDARD = "gnu++20";
				CLANG_ENABLE_MODULES = YES;
				CLANG_ENABLE_OBJC_ARC = YES;
				CLANG_ENABLE_OBJC_WEAK = YES;
				CLANG_WARN_BLOCK_CAPTURE_AUTORELEASING = YES;
				CLANG_WARN_BOOL_CONVERSION = YES;
				CLANG_WARN_COMMA = YES;
				CLANG_WARN_CONSTANT_CONVERSION = YES;
				CLANG_WARN_DEPRECATED_OBJC_IMPLEMENTATIONS = YES;
				CLANG_WARN_DIRECT_OBJC_ISA_USAGE = YES_ERROR;
				CLANG_WARN_DOCUMENTATION_COMMENTS = YES;
				CLANG_WARN_EMPTY_BODY = YES;
				CLANG_WARN_ENUM_CONVERSION = YES;
				CLANG_WARN_INFINITE_RECURSION = YES;
				CLANG_WARN_INT_CONVERSION = YES;
				CLANG_WARN_NON_LITERAL_NULL_CONVERSION = YES;
				CLANG_WARN_OBJC_IMPLICIT_RETAIN_SELF = YES;
				CLANG_WARN_OBJC_LITERAL_CONVERSION = YES;
				CLANG_WARN_OBJC_ROOT_CLASS = YES_ERROR;
				CLANG_WARN_QUOTED_INCLUDE_IN_FRAMEWORK_HEADER = YES;
				CLANG_WARN_RANGE_LOOP_ANALYSIS = YES;
				CLANG_WARN_STRICT_PROTOTYPES = YES;
				CLANG_WARN_SUSPICIOUS_MOVE = YES;
				CLANG_WARN_UNGUARDED_AVAILABILITY = YES_AGGRESSIVE;
				CLANG_WARN_UNREACHABLE_CODE = YES;
				CLANG_WARN__DUPLICATE_METHOD_MATCH = YES;
				COPY_PHASE_STRIP = NO;
				DEBUG_INFORMATION_FORMAT = "dwarf-with-dsym";
				ENABLE_NS_ASSERTIONS = NO;
				ENABLE_STRICT_OBJC_MSGSEND = YES;
				GCC_C_LANGUAGE_STANDARD = gnu11;
				GCC_NO_COMMON_BLOCKS = YES;
				GCC_WARN_64_TO_32_BIT_CONVERSION = YES;
				GCC_WARN_ABOUT_RETURN_TYPE = YES_ERROR;
				GCC_WARN_UNDECLARED_SELECTOR = YES;
				GCC_WARN_UNINITIALIZED_AUTOS = YES_AGGRESSIVE;
				GCC_WARN_UNUSED_FUNCTION = YES;
				GCC_WARN_UNUSED_VARIABLE = YES;
				MTL_ENABLE_DEBUG_INFO = NO;
				MTL_FAST_MATH = YES;
				SWIFT_COMPILATION_MODE = wholemodule;
				SWIFT_OPTIMIZATION_LEVEL = "-O";
			};
			name = Release;
		};
		EAFA9FC729B5574000F1D35F /* Debug */ = {
			isa = XCBuildConfiguration;
			buildSettings = {
				ASSETCATALOG_COMPILER_APPICON_NAME = AppIcon;
				ASSETCATALOG_COMPILER_GLOBAL_ACCENT_COLOR_NAME = AccentColor;
				CODE_SIGN_ENTITLEMENTS = Bookkeeping/Bookkeeping.entitlements;
				"CODE_SIGN_IDENTITY[sdk=macosx*]" = "-";
				CODE_SIGN_STYLE = Automatic;
				CURRENT_PROJECT_VERSION = 1;
				DEVELOPMENT_ASSET_PATHS = "\"Bookkeeping/Preview Content\"";
				DEVELOPMENT_TEAM = X96456HN7V;
				ENABLE_HARDENED_RUNTIME = YES;
				ENABLE_PREVIEWS = YES;
				GENERATE_INFOPLIST_FILE = YES;
				"INFOPLIST_KEY_UIApplicationSceneManifest_Generation[sdk=iphoneos*]" = YES;
				"INFOPLIST_KEY_UIApplicationSceneManifest_Generation[sdk=iphonesimulator*]" = YES;
				"INFOPLIST_KEY_UIApplicationSupportsIndirectInputEvents[sdk=iphoneos*]" = YES;
				"INFOPLIST_KEY_UIApplicationSupportsIndirectInputEvents[sdk=iphonesimulator*]" = YES;
				"INFOPLIST_KEY_UILaunchScreen_Generation[sdk=iphoneos*]" = YES;
				"INFOPLIST_KEY_UILaunchScreen_Generation[sdk=iphonesimulator*]" = YES;
				"INFOPLIST_KEY_UIStatusBarStyle[sdk=iphoneos*]" = UIStatusBarStyleDefault;
				"INFOPLIST_KEY_UIStatusBarStyle[sdk=iphonesimulator*]" = UIStatusBarStyleDefault;
				INFOPLIST_KEY_UISupportedInterfaceOrientations_iPad = "UIInterfaceOrientationPortrait UIInterfaceOrientationPortraitUpsideDown UIInterfaceOrientationLandscapeLeft UIInterfaceOrientationLandscapeRight";
				INFOPLIST_KEY_UISupportedInterfaceOrientations_iPhone = "UIInterfaceOrientationPortrait UIInterfaceOrientationLandscapeLeft UIInterfaceOrientationLandscapeRight";
				IPHONEOS_DEPLOYMENT_TARGET = 16.2;
				LD_RUNPATH_SEARCH_PATHS = "@executable_path/Frameworks";
				"LD_RUNPATH_SEARCH_PATHS[sdk=macosx*]" = "@executable_path/../Frameworks";
				MACOSX_DEPLOYMENT_TARGET = 13.1;
				MARKETING_VERSION = 1.0;
				PRODUCT_BUNDLE_IDENTIFIER = "Kristian-Mitchell.Bookkeeping";
				PRODUCT_NAME = "$(TARGET_NAME)";
				SDKROOT = auto;
				SUPPORTED_PLATFORMS = "iphoneos iphonesimulator macosx";
				SWIFT_EMIT_LOC_STRINGS = YES;
				SWIFT_VERSION = 5.0;
				TARGETED_DEVICE_FAMILY = "1,2";
			};
			name = Debug;
		};
		EAFA9FC829B5574000F1D35F /* Release */ = {
			isa = XCBuildConfiguration;
			buildSettings = {
				ASSETCATALOG_COMPILER_APPICON_NAME = AppIcon;
				ASSETCATALOG_COMPILER_GLOBAL_ACCENT_COLOR_NAME = AccentColor;
				CODE_SIGN_ENTITLEMENTS = Bookkeeping/Bookkeeping.entitlements;
				CODE_SIGN_STYLE = Automatic;
				CURRENT_PROJECT_VERSION = 1;
				DEVELOPMENT_ASSET_PATHS = "\"Bookkeeping/Preview Content\"";
				DEVELOPMENT_TEAM = X96456HN7V;
				ENABLE_HARDENED_RUNTIME = YES;
				ENABLE_PREVIEWS = YES;
				GENERATE_INFOPLIST_FILE = YES;
				"INFOPLIST_KEY_UIApplicationSceneManifest_Generation[sdk=iphoneos*]" = YES;
				"INFOPLIST_KEY_UIApplicationSceneManifest_Generation[sdk=iphonesimulator*]" = YES;
				"INFOPLIST_KEY_UIApplicationSupportsIndirectInputEvents[sdk=iphoneos*]" = YES;
				"INFOPLIST_KEY_UIApplicationSupportsIndirectInputEvents[sdk=iphonesimulator*]" = YES;
				"INFOPLIST_KEY_UILaunchScreen_Generation[sdk=iphoneos*]" = YES;
				"INFOPLIST_KEY_UILaunchScreen_Generation[sdk=iphonesimulator*]" = YES;
				"INFOPLIST_KEY_UIStatusBarStyle[sdk=iphoneos*]" = UIStatusBarStyleDefault;
				"INFOPLIST_KEY_UIStatusBarStyle[sdk=iphonesimulator*]" = UIStatusBarStyleDefault;
				INFOPLIST_KEY_UISupportedInterfaceOrientations_iPad = "UIInterfaceOrientationPortrait UIInterfaceOrientationPortraitUpsideDown UIInterfaceOrientationLandscapeLeft UIInterfaceOrientationLandscapeRight";
				INFOPLIST_KEY_UISupportedInterfaceOrientations_iPhone = "UIInterfaceOrientationPortrait UIInterfaceOrientationLandscapeLeft UIInterfaceOrientationLandscapeRight";
				IPHONEOS_DEPLOYMENT_TARGET = 16.2;
				LD_RUNPATH_SEARCH_PATHS = "@executable_path/Frameworks";
				"LD_RUNPATH_SEARCH_PATHS[sdk=macosx*]" = "@executable_path/../Frameworks";
				MACOSX_DEPLOYMENT_TARGET = 13.1;
				MARKETING_VERSION = 1.0;
				PRODUCT_BUNDLE_IDENTIFIER = "Kristian-Mitchell-example.Bookkeeping";
				PRODUCT_NAME = "$(TARGET_NAME)";
				SDKROOT = auto;
				SUPPORTED_PLATFORMS = "iphoneos iphonesimulator macosx";
				SWIFT_EMIT_LOC_STRINGS = YES;
				SWIFT_VERSION = 5.0;
				TARGETED_DEVICE_FAMILY = "1,2";
			};
			name = Release;
		};
		EAFA9FCA29B5574000F1D35F /* Debug */ = {
			isa = XCBuildConfiguration;
			buildSettings = {
				ALWAYS_EMBED_SWIFT_STANDARD_LIBRARIES = YES;
				BUNDLE_LOADER = "$(TEST_HOST)";
				CODE_SIGN_STYLE = Automatic;
				CURRENT_PROJECT_VERSION = 1;
				DEVELOPMENT_TEAM = X96456HN7V;
				GENERATE_INFOPLIST_FILE = YES;
				IPHONEOS_DEPLOYMENT_TARGET = 16.2;
				MACOSX_DEPLOYMENT_TARGET = 13.1;
				MARKETING_VERSION = 1.0;
				PRODUCT_BUNDLE_IDENTIFIER = "Kristian-Mitchell.BookkeepingTests";
				PRODUCT_NAME = "$(TARGET_NAME)";
				SDKROOT = auto;
				SUPPORTED_PLATFORMS = "iphoneos iphonesimulator macosx";
				SWIFT_EMIT_LOC_STRINGS = NO;
				SWIFT_VERSION = 5.0;
				TARGETED_DEVICE_FAMILY = "1,2";
				TEST_HOST = "$(BUILT_PRODUCTS_DIR)/Bookkeeping.app/$(BUNDLE_EXECUTABLE_FOLDER_PATH)/Bookkeeping";
			};
			name = Debug;
		};
		EAFA9FCB29B5574000F1D35F /* Release */ = {
			isa = XCBuildConfiguration;
			buildSettings = {
				ALWAYS_EMBED_SWIFT_STANDARD_LIBRARIES = YES;
				BUNDLE_LOADER = "$(TEST_HOST)";
				CODE_SIGN_STYLE = Automatic;
				CURRENT_PROJECT_VERSION = 1;
				DEVELOPMENT_TEAM = X96456HN7V;
				GENERATE_INFOPLIST_FILE = YES;
				IPHONEOS_DEPLOYMENT_TARGET = 16.2;
				MACOSX_DEPLOYMENT_TARGET = 13.1;
				MARKETING_VERSION = 1.0;
				PRODUCT_BUNDLE_IDENTIFIER = "Kristian-Mitchell.BookkeepingTests";
				PRODUCT_NAME = "$(TARGET_NAME)";
				SDKROOT = auto;
				SUPPORTED_PLATFORMS = "iphoneos iphonesimulator macosx";
				SWIFT_EMIT_LOC_STRINGS = NO;
				SWIFT_VERSION = 5.0;
				TARGETED_DEVICE_FAMILY = "1,2";
				TEST_HOST = "$(BUILT_PRODUCTS_DIR)/Bookkeeping.app/$(BUNDLE_EXECUTABLE_FOLDER_PATH)/Bookkeeping";
			};
			name = Release;
		};
		EAFA9FCD29B5574000F1D35F /* Debug */ = {
			isa = XCBuildConfiguration;
			buildSettings = {
				ALWAYS_EMBED_SWIFT_STANDARD_LIBRARIES = YES;
				CODE_SIGN_STYLE = Automatic;
				CURRENT_PROJECT_VERSION = 1;
				DEVELOPMENT_TEAM = X96456HN7V;
				GENERATE_INFOPLIST_FILE = YES;
				IPHONEOS_DEPLOYMENT_TARGET = 16.2;
				MACOSX_DEPLOYMENT_TARGET = 13.1;
				MARKETING_VERSION = 1.0;
				PRODUCT_BUNDLE_IDENTIFIER = "Kristian-Mitchell.BookkeepingUITests";
				PRODUCT_NAME = "$(TARGET_NAME)";
				SDKROOT = auto;
				SUPPORTED_PLATFORMS = "iphoneos iphonesimulator macosx";
				SWIFT_EMIT_LOC_STRINGS = NO;
				SWIFT_VERSION = 5.0;
				TARGETED_DEVICE_FAMILY = "1,2";
				TEST_TARGET_NAME = Bookkeeping;
			};
			name = Debug;
		};
		EAFA9FCE29B5574000F1D35F /* Release */ = {
			isa = XCBuildConfiguration;
			buildSettings = {
				ALWAYS_EMBED_SWIFT_STANDARD_LIBRARIES = YES;
				CODE_SIGN_STYLE = Automatic;
				CURRENT_PROJECT_VERSION = 1;
				DEVELOPMENT_TEAM = X96456HN7V;
				GENERATE_INFOPLIST_FILE = YES;
				IPHONEOS_DEPLOYMENT_TARGET = 16.2;
				MACOSX_DEPLOYMENT_TARGET = 13.1;
				MARKETING_VERSION = 1.0;
				PRODUCT_BUNDLE_IDENTIFIER = "Kristian-Mitchell.BookkeepingUITests";
				PRODUCT_NAME = "$(TARGET_NAME)";
				SDKROOT = auto;
				SUPPORTED_PLATFORMS = "iphoneos iphonesimulator macosx";
				SWIFT_EMIT_LOC_STRINGS = NO;
				SWIFT_VERSION = 5.0;
				TARGETED_DEVICE_FAMILY = "1,2";
				TEST_TARGET_NAME = Bookkeeping;
			};
			name = Release;
		};
/* End XCBuildConfiguration section */

/* Begin XCConfigurationList section */
		EAFA9F9C29B5573F00F1D35F /* Build configuration list for PBXProject "Bookkeeping" */ = {
			isa = XCConfigurationList;
			buildConfigurations = (
				EAFA9FC429B5574000F1D35F /* Debug */,
				EAFA9FC529B5574000F1D35F /* Release */,
			);
			defaultConfigurationIsVisible = 0;
			defaultConfigurationName = Release;
		};
		EAFA9FC629B5574000F1D35F /* Build configuration list for PBXNativeTarget "Bookkeeping" */ = {
			isa = XCConfigurationList;
			buildConfigurations = (
				EAFA9FC729B5574000F1D35F /* Debug */,
				EAFA9FC829B5574000F1D35F /* Release */,
			);
			defaultConfigurationIsVisible = 0;
			defaultConfigurationName = Release;
		};
		EAFA9FC929B5574000F1D35F /* Build configuration list for PBXNativeTarget "BookkeepingTests" */ = {
			isa = XCConfigurationList;
			buildConfigurations = (
				EAFA9FCA29B5574000F1D35F /* Debug */,
				EAFA9FCB29B5574000F1D35F /* Release */,
			);
			defaultConfigurationIsVisible = 0;
			defaultConfigurationName = Release;
		};
		EAFA9FCC29B5574000F1D35F /* Build configuration list for PBXNativeTarget "BookkeepingUITests" */ = {
			isa = XCConfigurationList;
			buildConfigurations = (
				EAFA9FCD29B5574000F1D35F /* Debug */,
				EAFA9FCE29B5574000F1D35F /* Release */,
			);
			defaultConfigurationIsVisible = 0;
			defaultConfigurationName = Release;
		};
/* End XCConfigurationList section */
	};
	rootObject = EAFA9F9929B5573F00F1D35F /* Project object */;
}
